// !$*UTF8*$!
{
	archiveVersion = 1;
	classes = {
	};
	objectVersion = 48;
	objects = {

/* Begin PBXBuildFile section */
		270A416621A96E510080F330 /* AppDelegate.swift in Sources */ = {isa = PBXBuildFile; fileRef = 270A416521A96E510080F330 /* AppDelegate.swift */; };
		270A416821A96E520080F330 /* ViewController.swift in Sources */ = {isa = PBXBuildFile; fileRef = 270A416721A96E520080F330 /* ViewController.swift */; };
		270A416B21A96E520080F330 /* Main.storyboard in Resources */ = {isa = PBXBuildFile; fileRef = 270A416921A96E520080F330 /* Main.storyboard */; };
		270A416D21A96E520080F330 /* Assets.xcassets in Resources */ = {isa = PBXBuildFile; fileRef = 270A416C21A96E520080F330 /* Assets.xcassets */; };
		270A417021A96E520080F330 /* LaunchScreen.storyboard in Resources */ = {isa = PBXBuildFile; fileRef = 270A416E21A96E520080F330 /* LaunchScreen.storyboard */; };
		270A417B21A96E520080F330 /* manadeebTests.swift in Sources */ = {isa = PBXBuildFile; fileRef = 270A417A21A96E520080F330 /* manadeebTests.swift */; };
		270A418621A96E520080F330 /* manadeebUITests.swift in Sources */ = {isa = PBXBuildFile; fileRef = 270A418521A96E520080F330 /* manadeebUITests.swift */; };
/* End PBXBuildFile section */

/* Begin PBXContainerItemProxy section */
		270A417721A96E520080F330 /* PBXContainerItemProxy */ = {
			isa = PBXContainerItemProxy;
			containerPortal = 270A415A21A96E510080F330 /* Project object */;
			proxyType = 1;
			remoteGlobalIDString = 270A416121A96E510080F330;
			remoteInfo = manadeeb;
		};
		270A418221A96E520080F330 /* PBXContainerItemProxy */ = {
			isa = PBXContainerItemProxy;
			containerPortal = 270A415A21A96E510080F330 /* Project object */;
			proxyType = 1;
			remoteGlobalIDString = 270A416121A96E510080F330;
			remoteInfo = manadeeb;
		};
/* End PBXContainerItemProxy section */

/* Begin PBXFileReference section */
		270A416221A96E510080F330 /* manadeeb.app */ = {isa = PBXFileReference; explicitFileType = wrapper.application; includeInIndex = 0; path = manadeeb.app; sourceTree = BUILT_PRODUCTS_DIR; };
		270A416521A96E510080F330 /* AppDelegate.swift */ = {isa = PBXFileReference; lastKnownFileType = sourcecode.swift; path = AppDelegate.swift; sourceTree = "<group>"; };
		270A416721A96E520080F330 /* ViewController.swift */ = {isa = PBXFileReference; lastKnownFileType = sourcecode.swift; path = ViewController.swift; sourceTree = "<group>"; };
		270A416A21A96E520080F330 /* Base */ = {isa = PBXFileReference; lastKnownFileType = file.storyboard; name = Base; path = Base.lproj/Main.storyboard; sourceTree = "<group>"; };
		270A416C21A96E520080F330 /* Assets.xcassets */ = {isa = PBXFileReference; lastKnownFileType = folder.assetcatalog; path = Assets.xcassets; sourceTree = "<group>"; };
		270A416F21A96E520080F330 /* Base */ = {isa = PBXFileReference; lastKnownFileType = file.storyboard; name = Base; path = Base.lproj/LaunchScreen.storyboard; sourceTree = "<group>"; };
		270A417121A96E520080F330 /* Info.plist */ = {isa = PBXFileReference; lastKnownFileType = text.plist.xml; path = Info.plist; sourceTree = "<group>"; };
		270A417621A96E520080F330 /* manadeebTests.xctest */ = {isa = PBXFileReference; explicitFileType = wrapper.cfbundle; includeInIndex = 0; path = manadeebTests.xctest; sourceTree = BUILT_PRODUCTS_DIR; };
		270A417A21A96E520080F330 /* manadeebTests.swift */ = {isa = PBXFileReference; lastKnownFileType = sourcecode.swift; path = manadeebTests.swift; sourceTree = "<group>"; };
		270A417C21A96E520080F330 /* Info.plist */ = {isa = PBXFileReference; lastKnownFileType = text.plist.xml; path = Info.plist; sourceTree = "<group>"; };
		270A418121A96E520080F330 /* manadeebUITests.xctest */ = {isa = PBXFileReference; explicitFileType = wrapper.cfbundle; includeInIndex = 0; path = manadeebUITests.xctest; sourceTree = BUILT_PRODUCTS_DIR; };
		270A418521A96E520080F330 /* manadeebUITests.swift */ = {isa = PBXFileReference; lastKnownFileType = sourcecode.swift; path = manadeebUITests.swift; sourceTree = "<group>"; };
		270A418721A96E520080F330 /* Info.plist */ = {isa = PBXFileReference; lastKnownFileType = text.plist.xml; path = Info.plist; sourceTree = "<group>"; };
/* End PBXFileReference section */

/* Begin PBXFrameworksBuildPhase section */
		270A415F21A96E510080F330 /* Frameworks */ = {
			isa = PBXFrameworksBuildPhase;
			buildActionMask = 2147483647;
			files = (
			);
			runOnlyForDeploymentPostprocessing = 0;
		};
		270A417321A96E520080F330 /* Frameworks */ = {
			isa = PBXFrameworksBuildPhase;
			buildActionMask = 2147483647;
			files = (
			);
			runOnlyForDeploymentPostprocessing = 0;
		};
		270A417E21A96E520080F330 /* Frameworks */ = {
			isa = PBXFrameworksBuildPhase;
			buildActionMask = 2147483647;
			files = (
			);
			runOnlyForDeploymentPostprocessing = 0;
		};
/* End PBXFrameworksBuildPhase section */

/* Begin PBXGroup section */
		270A415921A96E510080F330 = {
			isa = PBXGroup;
			children = (
				270A416421A96E510080F330 /* manadeeb */,
				270A417921A96E520080F330 /* manadeebTests */,
				270A418421A96E520080F330 /* manadeebUITests */,
				270A416321A96E510080F330 /* Products */,
			);
			sourceTree = "<group>";
		};
		270A416321A96E510080F330 /* Products */ = {
			isa = PBXGroup;
			children = (
				270A416221A96E510080F330 /* manadeeb.app */,
				270A417621A96E520080F330 /* manadeebTests.xctest */,
				270A418121A96E520080F330 /* manadeebUITests.xctest */,
			);
			name = Products;
			sourceTree = "<group>";
		};
		270A416421A96E510080F330 /* manadeeb */ = {
			isa = PBXGroup;
			children = (
				270A416521A96E510080F330 /* AppDelegate.swift */,
				270A416721A96E520080F330 /* ViewController.swift */,
				270A416921A96E520080F330 /* Main.storyboard */,
				270A416C21A96E520080F330 /* Assets.xcassets */,
				270A416E21A96E520080F330 /* LaunchScreen.storyboard */,
				270A417121A96E520080F330 /* Info.plist */,
			);
			path = manadeeb;
			sourceTree = "<group>";
		};
		270A417921A96E520080F330 /* manadeebTests */ = {
			isa = PBXGroup;
			children = (
				270A417A21A96E520080F330 /* manadeebTests.swift */,
				270A417C21A96E520080F330 /* Info.plist */,
			);
			path = manadeebTests;
			sourceTree = "<group>";
		};
		270A418421A96E520080F330 /* manadeebUITests */ = {
			isa = PBXGroup;
			children = (
				270A418521A96E520080F330 /* manadeebUITests.swift */,
				270A418721A96E520080F330 /* Info.plist */,
			);
			path = manadeebUITests;
			sourceTree = "<group>";
		};
/* End PBXGroup section */

/* Begin PBXNativeTarget section */
		270A416121A96E510080F330 /* manadeeb */ = {
			isa = PBXNativeTarget;
			buildConfigurationList = 270A418A21A96E520080F330 /* Build configuration list for PBXNativeTarget "manadeeb" */;
			buildPhases = (
				270A415E21A96E510080F330 /* Sources */,
				270A415F21A96E510080F330 /* Frameworks */,
				270A416021A96E510080F330 /* Resources */,
			);
			buildRules = (
			);
			dependencies = (
			);
			name = manadeeb;
			productName = manadeeb;
			productReference = 270A416221A96E510080F330 /* manadeeb.app */;
			productType = "com.apple.product-type.application";
		};
		270A417521A96E520080F330 /* manadeebTests */ = {
			isa = PBXNativeTarget;
			buildConfigurationList = 270A418D21A96E520080F330 /* Build configuration list for PBXNativeTarget "manadeebTests" */;
			buildPhases = (
				270A417221A96E520080F330 /* Sources */,
				270A417321A96E520080F330 /* Frameworks */,
				270A417421A96E520080F330 /* Resources */,
			);
			buildRules = (
			);
			dependencies = (
				270A417821A96E520080F330 /* PBXTargetDependency */,
			);
			name = manadeebTests;
			productName = manadeebTests;
			productReference = 270A417621A96E520080F330 /* manadeebTests.xctest */;
			productType = "com.apple.product-type.bundle.unit-test";
		};
		270A418021A96E520080F330 /* manadeebUITests */ = {
			isa = PBXNativeTarget;
			buildConfigurationList = 270A419021A96E520080F330 /* Build configuration list for PBXNativeTarget "manadeebUITests" */;
			buildPhases = (
				270A417D21A96E520080F330 /* Sources */,
				270A417E21A96E520080F330 /* Frameworks */,
				270A417F21A96E520080F330 /* Resources */,
			);
			buildRules = (
			);
			dependencies = (
				270A418321A96E520080F330 /* PBXTargetDependency */,
			);
			name = manadeebUITests;
			productName = manadeebUITests;
			productReference = 270A418121A96E520080F330 /* manadeebUITests.xctest */;
			productType = "com.apple.product-type.bundle.ui-testing";
		};
/* End PBXNativeTarget section */

/* Begin PBXProject section */
		270A415A21A96E510080F330 /* Project object */ = {
			isa = PBXProject;
			attributes = {
				LastSwiftUpdateCheck = 0920;
				LastUpgradeCheck = 0920;
				ORGANIZATIONNAME = "hossam ahmed";
				TargetAttributes = {
					270A416121A96E510080F330 = {
						CreatedOnToolsVersion = 9.2;
						ProvisioningStyle = Automatic;
					};
					270A417521A96E520080F330 = {
						CreatedOnToolsVersion = 9.2;
						ProvisioningStyle = Automatic;
						TestTargetID = 270A416121A96E510080F330;
					};
					270A418021A96E520080F330 = {
						CreatedOnToolsVersion = 9.2;
						ProvisioningStyle = Automatic;
						TestTargetID = 270A416121A96E510080F330;
					};
				};
			};
			buildConfigurationList = 270A415D21A96E510080F330 /* Build configuration list for PBXProject "manadeeb" */;
			compatibilityVersion = "Xcode 8.0";
			developmentRegion = en;
			hasScannedForEncodings = 0;
			knownRegions = (
				en,
				Base,
			);
			mainGroup = 270A415921A96E510080F330;
			productRefGroup = 270A416321A96E510080F330 /* Products */;
			projectDirPath = "";
			projectRoot = "";
			targets = (
				270A416121A96E510080F330 /* manadeeb */,
				270A417521A96E520080F330 /* manadeebTests */,
				270A418021A96E520080F330 /* manadeebUITests */,
			);
		};
/* End PBXProject section */

/* Begin PBXResourcesBuildPhase section */
		270A416021A96E510080F330 /* Resources */ = {
			isa = PBXResourcesBuildPhase;
			buildActionMask = 2147483647;
			files = (
				270A417021A96E520080F330 /* LaunchScreen.storyboard in Resources */,
				270A416D21A96E520080F330 /* Assets.xcassets in Resources */,
				270A416B21A96E520080F330 /* Main.storyboard in Resources */,
			);
			runOnlyForDeploymentPostprocessing = 0;
		};
		270A417421A96E520080F330 /* Resources */ = {
			isa = PBXResourcesBuildPhase;
			buildActionMask = 2147483647;
			files = (
			);
			runOnlyForDeploymentPostprocessing = 0;
		};
		270A417F21A96E520080F330 /* Resources */ = {
			isa = PBXResourcesBuildPhase;
			buildActionMask = 2147483647;
			files = (
			);
			runOnlyForDeploymentPostprocessing = 0;
		};
/* End PBXResourcesBuildPhase section */

/* Begin PBXSourcesBuildPhase section */
		270A415E21A96E510080F330 /* Sources */ = {
			isa = PBXSourcesBuildPhase;
			buildActionMask = 2147483647;
			files = (
				270A416821A96E520080F330 /* ViewController.swift in Sources */,
				270A416621A96E510080F330 /* AppDelegate.swift in Sources */,
			);
			runOnlyForDeploymentPostprocessing = 0;
		};
		270A417221A96E520080F330 /* Sources */ = {
			isa = PBXSourcesBuildPhase;
			buildActionMask = 2147483647;
			files = (
				270A417B21A96E520080F330 /* manadeebTests.swift in Sources */,
			);
			runOnlyForDeploymentPostprocessing = 0;
		};
		270A417D21A96E520080F330 /* Sources */ = {
			isa = PBXSourcesBuildPhase;
			buildActionMask = 2147483647;
			files = (
				270A418621A96E520080F330 /* manadeebUITests.swift in Sources */,
			);
			runOnlyForDeploymentPostprocessing = 0;
		};
/* End PBXSourcesBuildPhase section */

/* Begin PBXTargetDependency section */
		270A417821A96E520080F330 /* PBXTargetDependency */ = {
			isa = PBXTargetDependency;
			target = 270A416121A96E510080F330 /* manadeeb */;
			targetProxy = 270A417721A96E520080F330 /* PBXContainerItemProxy */;
		};
		270A418321A96E520080F330 /* PBXTargetDependency */ = {
			isa = PBXTargetDependency;
			target = 270A416121A96E510080F330 /* manadeeb */;
			targetProxy = 270A418221A96E520080F330 /* PBXContainerItemProxy */;
		};
/* End PBXTargetDependency section */

/* Begin PBXVariantGroup section */
		270A416921A96E520080F330 /* Main.storyboard */ = {
			isa = PBXVariantGroup;
			children = (
				270A416A21A96E520080F330 /* Base */,
			);
			name = Main.storyboard;
			sourceTree = "<group>";
		};
		270A416E21A96E520080F330 /* LaunchScreen.storyboard */ = {
			isa = PBXVariantGroup;
			children = (
				270A416F21A96E520080F330 /* Base */,
			);
			name = LaunchScreen.storyboard;
			sourceTree = "<group>";
		};
/* End PBXVariantGroup section */

/* Begin XCBuildConfiguration section */
		270A418821A96E520080F330 /* Debug */ = {
			isa = XCBuildConfiguration;
			buildSettings = {
				ALWAYS_SEARCH_USER_PATHS = NO;
				CLANG_ANALYZER_NONNULL = YES;
				CLANG_ANALYZER_NUMBER_OBJECT_CONVERSION = YES_AGGRESSIVE;
				CLANG_CXX_LANGUAGE_STANDARD = "gnu++14";
				CLANG_CXX_LIBRARY = "libc++";
				CLANG_ENABLE_MODULES = YES;
				CLANG_ENABLE_OBJC_ARC = YES;
				CLANG_WARN_BLOCK_CAPTURE_AUTORELEASING = YES;
				CLANG_WARN_BOOL_CONVERSION = YES;
				CLANG_WARN_COMMA = YES;
				CLANG_WARN_CONSTANT_CONVERSION = YES;
				CLANG_WARN_DIRECT_OBJC_ISA_USAGE = YES_ERROR;
				CLANG_WARN_DOCUMENTATION_COMMENTS = YES;
				CLANG_WARN_EMPTY_BODY = YES;
				CLANG_WARN_ENUM_CONVERSION = YES;
				CLANG_WARN_INFINITE_RECURSION = YES;
				CLANG_WARN_INT_CONVERSION = YES;
				CLANG_WARN_NON_LITERAL_NULL_CONVERSION = YES;
				CLANG_WARN_OBJC_LITERAL_CONVERSION = YES;
				CLANG_WARN_OBJC_ROOT_CLASS = YES_ERROR;
				CLANG_WARN_RANGE_LOOP_ANALYSIS = YES;
				CLANG_WARN_STRICT_PROTOTYPES = YES;
				CLANG_WARN_SUSPICIOUS_MOVE = YES;
				CLANG_WARN_UNGUARDED_AVAILABILITY = YES_AGGRESSIVE;
				CLANG_WARN_UNREACHABLE_CODE = YES;
				CLANG_WARN__DUPLICATE_METHOD_MATCH = YES;
				CODE_SIGN_IDENTITY = "iPhone Developer";
				COPY_PHASE_STRIP = NO;
				DEBUG_INFORMATION_FORMAT = dwarf;
				ENABLE_STRICT_OBJC_MSGSEND = YES;
				ENABLE_TESTABILITY = YES;
				GCC_C_LANGUAGE_STANDARD = gnu11;
				GCC_DYNAMIC_NO_PIC = NO;
				GCC_NO_COMMON_BLOCKS = YES;
				GCC_OPTIMIZATION_LEVEL = 0;
				GCC_PREPROCESSOR_DEFINITIONS = (
					"DEBUG=1",
					"$(inherited)",
				);
				GCC_WARN_64_TO_32_BIT_CONVERSION = YES;
				GCC_WARN_ABOUT_RETURN_TYPE = YES_ERROR;
				GCC_WARN_UNDECLARED_SELECTOR = YES;
				GCC_WARN_UNINITIALIZED_AUTOS = YES_AGGRESSIVE;
				GCC_WARN_UNUSED_FUNCTION = YES;
				GCC_WARN_UNUSED_VARIABLE = YES;
				IPHONEOS_DEPLOYMENT_TARGET = 11.2;
				MTL_ENABLE_DEBUG_INFO = YES;
				ONLY_ACTIVE_ARCH = YES;
				SDKROOT = iphoneos;
				SWIFT_ACTIVE_COMPILATION_CONDITIONS = DEBUG;
				SWIFT_OPTIMIZATION_LEVEL = "-Onone";
			};
			name = Debug;
		};
		270A418921A96E520080F330 /* Release */ = {
			isa = XCBuildConfiguration;
			buildSettings = {
				ALWAYS_SEARCH_USER_PATHS = NO;
				CLANG_ANALYZER_NONNULL = YES;
				CLANG_ANALYZER_NUMBER_OBJECT_CONVERSION = YES_AGGRESSIVE;
				CLANG_CXX_LANGUAGE_STANDARD = "gnu++14";
				CLANG_CXX_LIBRARY = "libc++";
				CLANG_ENABLE_MODULES = YES;
				CLANG_ENABLE_OBJC_ARC = YES;
				CLANG_WARN_BLOCK_CAPTURE_AUTORELEASING = YES;
				CLANG_WARN_BOOL_CONVERSION = YES;
				CLANG_WARN_COMMA = YES;
				CLANG_WARN_CONSTANT_CONVERSION = YES;
				CLANG_WARN_DIRECT_OBJC_ISA_USAGE = YES_ERROR;
				CLANG_WARN_DOCUMENTATION_COMMENTS = YES;
				CLANG_WARN_EMPTY_BODY = YES;
				CLANG_WARN_ENUM_CONVERSION = YES;
				CLANG_WARN_INFINITE_RECURSION = YES;
				CLANG_WARN_INT_CONVERSION = YES;
				CLANG_WARN_NON_LITERAL_NULL_CONVERSION = YES;
				CLANG_WARN_OBJC_LITERAL_CONVERSION = YES;
				CLANG_WARN_OBJC_ROOT_CLASS = YES_ERROR;
				CLANG_WARN_RANGE_LOOP_ANALYSIS = YES;
				CLANG_WARN_STRICT_PROTOTYPES = YES;
				CLANG_WARN_SUSPICIOUS_MOVE = YES;
				CLANG_WARN_UNGUARDED_AVAILABILITY = YES_AGGRESSIVE;
				CLANG_WARN_UNREACHABLE_CODE = YES;
				CLANG_WARN__DUPLICATE_METHOD_MATCH = YES;
				CODE_SIGN_IDENTITY = "iPhone Developer";
				COPY_PHASE_STRIP = NO;
				DEBUG_INFORMATION_FORMAT = "dwarf-with-dsym";
				ENABLE_NS_ASSERTIONS = NO;
				ENABLE_STRICT_OBJC_MSGSEND = YES;
				GCC_C_LANGUAGE_STANDARD = gnu11;
				GCC_NO_COMMON_BLOCKS = YES;
				GCC_WARN_64_TO_32_BIT_CONVERSION = YES;
				GCC_WARN_ABOUT_RETURN_TYPE = YES_ERROR;
				GCC_WARN_UNDECLARED_SELECTOR = YES;
				GCC_WARN_UNINITIALIZED_AUTOS = YES_AGGRESSIVE;
				GCC_WARN_UNUSED_FUNCTION = YES;
				GCC_WARN_UNUSED_VARIABLE = YES;
				IPHONEOS_DEPLOYMENT_TARGET = 11.2;
				MTL_ENABLE_DEBUG_INFO = NO;
				SDKROOT = iphoneos;
				SWIFT_OPTIMIZATION_LEVEL = "-Owholemodule";
				VALIDATE_PRODUCT = YES;
			};
			name = Release;
		};
		270A418B21A96E520080F330 /* Debug */ = {
			isa = XCBuildConfiguration;
			buildSettings = {
				ASSETCATALOG_COMPILER_APPICON_NAME = AppIcon;
				CODE_SIGN_STYLE = Automatic;
				DEVELOPMENT_TEAM = CYL3JT27CL;
				INFOPLIST_FILE = manadeeb/Info.plist;
				LD_RUNPATH_SEARCH_PATHS = "$(inherited) @executable_path/Frameworks";
				PRODUCT_BUNDLE_IDENTIFIER = "hossam-ahmed.manadeeb";
				PRODUCT_NAME = "$(TARGET_NAME)";
				SWIFT_VERSION = 4.0;
				TARGETED_DEVICE_FAMILY = "1,2";
			};
			name = Debug;
		};
		270A418C21A96E520080F330 /* Release */ = {
			isa = XCBuildConfiguration;
			buildSettings = {
				ASSETCATALOG_COMPILER_APPICON_NAME = AppIcon;
				CODE_SIGN_STYLE = Automatic;
				DEVELOPMENT_TEAM = CYL3JT27CL;
				INFOPLIST_FILE = manadeeb/Info.plist;
				LD_RUNPATH_SEARCH_PATHS = "$(inherited) @executable_path/Frameworks";
				PRODUCT_BUNDLE_IDENTIFIER = "hossam-ahmed.manadeeb";
				PRODUCT_NAME = "$(TARGET_NAME)";
				SWIFT_VERSION = 4.0;
				TARGETED_DEVICE_FAMILY = "1,2";
			};
			name = Release;
		};
		270A418E21A96E520080F330 /* Debug */ = {
			isa = XCBuildConfiguration;
			buildSettings = {
				ALWAYS_EMBED_SWIFT_STANDARD_LIBRARIES = YES;
				BUNDLE_LOADER = "$(TEST_HOST)";
				CODE_SIGN_STYLE = Automatic;
				DEVELOPMENT_TEAM = CYL3JT27CL;
				INFOPLIST_FILE = manadeebTests/Info.plist;
				LD_RUNPATH_SEARCH_PATHS = "$(inherited) @executable_path/Frameworks @loader_path/Frameworks";
				PRODUCT_BUNDLE_IDENTIFIER = "hossam-ahmed.manadeebTests";
				PRODUCT_NAME = "$(TARGET_NAME)";
				SWIFT_VERSION = 4.0;
				TARGETED_DEVICE_FAMILY = "1,2";
				TEST_HOST = "$(BUILT_PRODUCTS_DIR)/manadeeb.app/manadeeb";
			};
			name = Debug;
		};
		270A418F21A96E520080F330 /* Release */ = {
			isa = XCBuildConfiguration;
			buildSettings = {
				ALWAYS_EMBED_SWIFT_STANDARD_LIBRARIES = YES;
				BUNDLE_LOADER = "$(TEST_HOST)";
				CODE_SIGN_STYLE = Automatic;
				DEVELOPMENT_TEAM = CYL3JT27CL;
				INFOPLIST_FILE = manadeebTests/Info.plist;
				LD_RUNPATH_SEARCH_PATHS = "$(inherited) @executable_path/Frameworks @loader_path/Frameworks";
				PRODUCT_BUNDLE_IDENTIFIER = "hossam-ahmed.manadeebTests";
				PRODUCT_NAME = "$(TARGET_NAME)";
				SWIFT_VERSION = 4.0;
				TARGETED_DEVICE_FAMILY = "1,2";
				TEST_HOST = "$(BUILT_PRODUCTS_DIR)/manadeeb.app/manadeeb";
			};
			name = Release;
		};
		270A419121A96E520080F330 /* Debug */ = {
			isa = XCBuildConfiguration;
			buildSettings = {
				ALWAYS_EMBED_SWIFT_STANDARD_LIBRARIES = YES;
				CODE_SIGN_STYLE = Automatic;
				DEVELOPMENT_TEAM = CYL3JT27CL;
				INFOPLIST_FILE = manadeebUITests/Info.plist;
				LD_RUNPATH_SEARCH_PATHS = "$(inherited) @executable_path/Frameworks @loader_path/Frameworks";
				PRODUCT_BUNDLE_IDENTIFIER = "hossam-ahmed.manadeebUITests";
				PRODUCT_NAME = "$(TARGET_NAME)";
				SWIFT_VERSION = 4.0;
				TARGETED_DEVICE_FAMILY = "1,2";
				TEST_TARGET_NAME = manadeeb;
			};
			name = Debug;
		};
		270A419221A96E520080F330 /* Release */ = {
			isa = XCBuildConfiguration;
			buildSettings = {
				ALWAYS_EMBED_SWIFT_STANDARD_LIBRARIES = YES;
				CODE_SIGN_STYLE = Automatic;
				DEVELOPMENT_TEAM = CYL3JT27CL;
				INFOPLIST_FILE = manadeebUITests/Info.plist;
				LD_RUNPATH_SEARCH_PATHS = "$(inherited) @executable_path/Frameworks @loader_path/Frameworks";
				PRODUCT_BUNDLE_IDENTIFIER = "hossam-ahmed.manadeebUITests";
				PRODUCT_NAME = "$(TARGET_NAME)";
				SWIFT_VERSION = 4.0;
				TARGETED_DEVICE_FAMILY = "1,2";
				TEST_TARGET_NAME = manadeeb;
			};
			name = Release;
		};
/* End XCBuildConfiguration section */

/* Begin XCConfigurationList section */
		270A415D21A96E510080F330 /* Build configuration list for PBXProject "manadeeb" */ = {
			isa = XCConfigurationList;
			buildConfigurations = (
				270A418821A96E520080F330 /* Debug */,
				270A418921A96E520080F330 /* Release */,
			);
			defaultConfigurationIsVisible = 0;
			defaultConfigurationName = Release;
		};
		270A418A21A96E520080F330 /* Build configuration list for PBXNativeTarget "manadeeb" */ = {
			isa = XCConfigurationList;
			buildConfigurations = (
				270A418B21A96E520080F330 /* Debug */,
				270A418C21A96E520080F330 /* Release */,
			);
			defaultConfigurationIsVisible = 0;
			defaultConfigurationName = Release;
		};
		270A418D21A96E520080F330 /* Build configuration list for PBXNativeTarget "manadeebTests" */ = {
			isa = XCConfigurationList;
			buildConfigurations = (
				270A418E21A96E520080F330 /* Debug */,
				270A418F21A96E520080F330 /* Release */,
			);
			defaultConfigurationIsVisible = 0;
			defaultConfigurationName = Release;
		};
		270A419021A96E520080F330 /* Build configuration list for PBXNativeTarget "manadeebUITests" */ = {
			isa = XCConfigurationList;
			buildConfigurations = (
				270A419121A96E520080F330 /* Debug */,
				270A419221A96E520080F330 /* Release */,
			);
			defaultConfigurationIsVisible = 0;
			defaultConfigurationName = Release;
		};
/* End XCConfigurationList section */
	};
	rootObject = 270A415A21A96E510080F330 /* Project object */;
}
